
Microsoft Visual Studio Solution File, Format Version 12.00
# Visual Studio Version 17
VisualStudioVersion = 17.0.32126.317
MinimumVisualStudioVersion = 10.0.40219.1
Project("{FAE04EC0-301F-11D3-BF4B-00C04F79EFBC}") = "UbStudyHelpGenerator", "UbStudyHelpGenerator\UbStudyHelpGenerator.csproj", "{1B17E209-D777-4E09-B37F-289EBA9182AA}"
EndProject
Project("{9A19103F-16F7-4668-BE54-9A1E7A4F7556}") = "UbStandardObjects", "UbStudyHelpGenerator\UbStandardObjects\UbStandardObjects.csproj", "{96456684-1E0F-42CB-AEBD-06804E14B049}"
EndProject
Global
	GlobalSection(SolutionConfigurationPlatforms) = preSolution
		Debug|Any CPU = Debug|Any CPU
		Release|Any CPU = Release|Any CPU
	EndGlobalSection
	GlobalSection(ProjectConfigurationPlatforms) = postSolution
		{1B17E209-D777-4E09-B37F-289EBA9182AA}.Debug|Any CPU.ActiveCfg = Debug|Any CPU
		{1B17E209-D777-4E09-B37F-289EBA9182AA}.Debug|Any CPU.Build.0 = Debug|Any CPU
		{1B17E209-D777-4E09-B37F-289EBA9182AA}.Release|Any CPU.ActiveCfg = Release|Any CPU
		{1B17E209-D777-4E09-B37F-289EBA9182AA}.Release|Any CPU.Build.0 = Release|Any CPU
		{96456684-1E0F-42CB-AEBD-06804E14B049}.Debug|Any CPU.ActiveCfg = Debug|Any CPU
		{96456684-1E0F-42CB-AEBD-06804E14B049}.Debug|Any CPU.Build.0 = Debug|Any CPU
		{96456684-1E0F-42CB-AEBD-06804E14B049}.Release|Any CPU.ActiveCfg = Release|Any CPU
		{96456684-1E0F-42CB-AEBD-06804E14B049}.Release|Any CPU.Build.0 = Release|Any CPU
	EndGlobalSection
	GlobalSection(SolutionProperties) = preSolution
		HideSolutionNode = FALSE
	EndGlobalSection
	GlobalSection(ExtensibilityGlobals) = postSolution
		SolutionGuid = {41FDDCFC-B001-468A-BDBA-2BA24A8A3607}
	EndGlobalSection
EndGlobal
