
Microsoft Visual Studio Solution File, Format Version 12.00
# Visual Studio Version 17
VisualStudioVersion = 17.2.32526.322
MinimumVisualStudioVersion = 10.0.40219.1
Project("{FAE04EC0-301F-11D3-BF4B-00C04F79EFBC}") = "VSTO_PTAlternative", "VSTO_PTAlternative\VSTO_PTAlternative.csproj", "{B300B307-6CFC-41F9-82EB-F34290439BB5}"
EndProject
Global
	GlobalSection(SolutionConfigurationPlatforms) = preSolution
		Debug|Any CPU = Debug|Any CPU
		Release|Any CPU = Release|Any CPU
	EndGlobalSection
	GlobalSection(ProjectConfigurationPlatforms) = postSolution
		{B300B307-6CFC-41F9-82EB-F34290439BB5}.Debug|Any CPU.ActiveCfg = Debug|Any CPU
		{B300B307-6CFC-41F9-82EB-F34290439BB5}.Debug|Any CPU.Build.0 = Debug|Any CPU
		{B300B307-6CFC-41F9-82EB-F34290439BB5}.Release|Any CPU.ActiveCfg = Release|Any CPU
		{B300B307-6CFC-41F9-82EB-F34290439BB5}.Release|Any CPU.Build.0 = Release|Any CPU
	EndGlobalSection
	GlobalSection(SolutionProperties) = preSolution
		HideSolutionNode = FALSE
	EndGlobalSection
	GlobalSection(ExtensibilityGlobals) = postSolution
		SolutionGuid = {A951404B-208C-44A3-A0D8-24B78905918F}
	EndGlobalSection
EndGlobal
